// !$*UTF8*$!
{
	archiveVersion = 1;
	classes = {
	};
	objectVersion = 46;
	objects = {

/* Begin PBXBuildFile section */
		4A0117581A8808AC004B80F6 /* ZSSWelcomeChildViewController.m in Sources */ = {isa = PBXBuildFile; fileRef = 4A0117561A8808AC004B80F6 /* ZSSWelcomeChildViewController.m */; };
		4A0117591A8808AC004B80F6 /* ZSSWelcomeChildViewController.xib in Resources */ = {isa = PBXBuildFile; fileRef = 4A0117571A8808AC004B80F6 /* ZSSWelcomeChildViewController.xib */; };
		4A01175D1A8808C1004B80F6 /* ZSSLoginViewController.m in Sources */ = {isa = PBXBuildFile; fileRef = 4A01175B1A8808C1004B80F6 /* ZSSLoginViewController.m */; };
		4A01175E1A8808C1004B80F6 /* ZSSLoginViewController.xib in Resources */ = {isa = PBXBuildFile; fileRef = 4A01175C1A8808C1004B80F6 /* ZSSLoginViewController.xib */; };
		4A160E3D1A88426300481ECE /* Bolts.framework in Frameworks */ = {isa = PBXBuildFile; fileRef = 4A160E3C1A88426300481ECE /* Bolts.framework */; };
		4A160E3E1A88426300481ECE /* Bolts.framework in Frameworks */ = {isa = PBXBuildFile; fileRef = 4A160E3C1A88426300481ECE /* Bolts.framework */; };
		4A160E401A88449900481ECE /* ParseCrashReporting.framework in Frameworks */ = {isa = PBXBuildFile; fileRef = 4A160E3F1A88449900481ECE /* ParseCrashReporting.framework */; };
		4A160E411A88449900481ECE /* ParseCrashReporting.framework in Frameworks */ = {isa = PBXBuildFile; fileRef = 4A160E3F1A88449900481ECE /* ParseCrashReporting.framework */; };
		4A3263A01A8841B4005812F1 /* Parse.framework in Frameworks */ = {isa = PBXBuildFile; fileRef = 4A32639C1A8841B4005812F1 /* Parse.framework */; };
		4A3263A21A8841B5005812F1 /* ParseFacebookUtils.framework in Frameworks */ = {isa = PBXBuildFile; fileRef = 4A32639E1A8841B4005812F1 /* ParseFacebookUtils.framework */; };
		4A3263A31A8841B5005812F1 /* ParseUI.framework in Frameworks */ = {isa = PBXBuildFile; fileRef = 4A32639F1A8841B4005812F1 /* ParseUI.framework */; };
		4A3263B01A884214005812F1 /* CFNetwork.framework in Frameworks */ = {isa = PBXBuildFile; fileRef = 4A3263A51A884214005812F1 /* CFNetwork.framework */; };
		4A3263B11A884214005812F1 /* CoreGraphics.framework in Frameworks */ = {isa = PBXBuildFile; fileRef = 4A3263A61A884214005812F1 /* CoreGraphics.framework */; };
		4A3263B21A884214005812F1 /* CoreLocation.framework in Frameworks */ = {isa = PBXBuildFile; fileRef = 4A3263A71A884214005812F1 /* CoreLocation.framework */; };
		4A3263B31A884214005812F1 /* libsqlite3.dylib in Frameworks */ = {isa = PBXBuildFile; fileRef = 4A3263A81A884214005812F1 /* libsqlite3.dylib */; };
		4A3263B41A884214005812F1 /* libz.dylib in Frameworks */ = {isa = PBXBuildFile; fileRef = 4A3263A91A884214005812F1 /* libz.dylib */; };
		4A3263B51A884214005812F1 /* MobileCoreServices.framework in Frameworks */ = {isa = PBXBuildFile; fileRef = 4A3263AA1A884214005812F1 /* MobileCoreServices.framework */; };
		4A3263B61A884214005812F1 /* QuartzCore.framework in Frameworks */ = {isa = PBXBuildFile; fileRef = 4A3263AB1A884214005812F1 /* QuartzCore.framework */; };
		4A3263B71A884214005812F1 /* Security.framework in Frameworks */ = {isa = PBXBuildFile; fileRef = 4A3263AC1A884214005812F1 /* Security.framework */; };
		4A3263B81A884214005812F1 /* StoreKit.framework in Frameworks */ = {isa = PBXBuildFile; fileRef = 4A3263AD1A884214005812F1 /* StoreKit.framework */; };
		4A3263B91A884214005812F1 /* SystemConfiguration.framework in Frameworks */ = {isa = PBXBuildFile; fileRef = 4A3263AE1A884214005812F1 /* SystemConfiguration.framework */; };
		4A5021F11A87E4E8000DAEBE /* ZSSWelcomeViewController.m in Sources */ = {isa = PBXBuildFile; fileRef = 4A5021EF1A87E4E8000DAEBE /* ZSSWelcomeViewController.m */; };
		4A5021F21A87E4E8000DAEBE /* ZSSWelcomeViewController.m in Sources */ = {isa = PBXBuildFile; fileRef = 4A5021EF1A87E4E8000DAEBE /* ZSSWelcomeViewController.m */; };
		4A5021F31A87E4E8000DAEBE /* ZSSWelcomeViewController.xib in Resources */ = {isa = PBXBuildFile; fileRef = 4A5021F01A87E4E8000DAEBE /* ZSSWelcomeViewController.xib */; };
		4A5021F41A87E4E8000DAEBE /* ZSSWelcomeViewController.xib in Resources */ = {isa = PBXBuildFile; fileRef = 4A5021F01A87E4E8000DAEBE /* ZSSWelcomeViewController.xib */; };
		4A59CFAF1A87DFA800DA5C1C /* main.m in Sources */ = {isa = PBXBuildFile; fileRef = 4A59CFAE1A87DFA800DA5C1C /* main.m */; };
		4A59CFB21A87DFA800DA5C1C /* AppDelegate.m in Sources */ = {isa = PBXBuildFile; fileRef = 4A59CFB11A87DFA800DA5C1C /* AppDelegate.m */; };
		4A59CFBA1A87DFA800DA5C1C /* Images.xcassets in Resources */ = {isa = PBXBuildFile; fileRef = 4A59CFB91A87DFA800DA5C1C /* Images.xcassets */; };
		4A59CFBD1A87DFA800DA5C1C /* LaunchScreen.xib in Resources */ = {isa = PBXBuildFile; fileRef = 4A59CFBB1A87DFA800DA5C1C /* LaunchScreen.xib */; };
		4A59CFC91A87DFA800DA5C1C /* ShkeekTests.m in Sources */ = {isa = PBXBuildFile; fileRef = 4A59CFC81A87DFA800DA5C1C /* ShkeekTests.m */; };
		4A59CFD31A87E12300DA5C1C /* Keys.plist in Resources */ = {isa = PBXBuildFile; fileRef = 4A59CFD21A87E12300DA5C1C /* Keys.plist */; };
		4A59CFD41A87E12300DA5C1C /* Keys.plist in Resources */ = {isa = PBXBuildFile; fileRef = 4A59CFD21A87E12300DA5C1C /* Keys.plist */; };
		4A960FBF1A8844ED0041EB03 /* libstdc++.6.dylib in Frameworks */ = {isa = PBXBuildFile; fileRef = 4A960FBE1A8844ED0041EB03 /* libstdc++.6.dylib */; };
		4A960FC41A8845420041EB03 /* Social.framework in Frameworks */ = {isa = PBXBuildFile; fileRef = 4A960FC21A8844FF0041EB03 /* Social.framework */; };
		4A960FC51A8845500041EB03 /* AudioToolbox.framework in Frameworks */ = {isa = PBXBuildFile; fileRef = 4A3263A41A884214005812F1 /* AudioToolbox.framework */; };
		4AA17F101A883D55004278F1 /* ZSSCloudQuerier.m in Sources */ = {isa = PBXBuildFile; fileRef = 4AA17F0F1A883D55004278F1 /* ZSSCloudQuerier.m */; };
		4AA180391A883F22004278F1 /* FacebookSDK.framework in Frameworks */ = {isa = PBXBuildFile; fileRef = 4AA17F1D1A883F21004278F1 /* FacebookSDK.framework */; };
		4AA1803A1A883F22004278F1 /* FacebookSDK.framework in Frameworks */ = {isa = PBXBuildFile; fileRef = 4AA17F1D1A883F21004278F1 /* FacebookSDK.framework */; };
		4AA1803B1A883F22004278F1 /* FBAudienceNetwork.framework in Frameworks */ = {isa = PBXBuildFile; fileRef = 4AA17F1E1A883F21004278F1 /* FBAudienceNetwork.framework */; };
		4AA1803C1A883F22004278F1 /* FBAudienceNetwork.framework in Frameworks */ = {isa = PBXBuildFile; fileRef = 4AA17F1E1A883F21004278F1 /* FBAudienceNetwork.framework */; };
		4AB1955D1A88572C00D8F02B /* UIAlertView+FrequentAlerts.m in Sources */ = {isa = PBXBuildFile; fileRef = 4AB1955C1A88572C00D8F02B /* UIAlertView+FrequentAlerts.m */; };
		4AB1955E1A88572C00D8F02B /* UIAlertView+FrequentAlerts.m in Sources */ = {isa = PBXBuildFile; fileRef = 4AB1955C1A88572C00D8F02B /* UIAlertView+FrequentAlerts.m */; };
		4AB195651A88766600D8F02B /* ZSSLocationQuerier.m in Sources */ = {isa = PBXBuildFile; fileRef = 4AB195641A88766600D8F02B /* ZSSLocationQuerier.m */; };
		4AB195661A88766600D8F02B /* ZSSLocationQuerier.m in Sources */ = {isa = PBXBuildFile; fileRef = 4AB195641A88766600D8F02B /* ZSSLocationQuerier.m */; };
		4AB195681A88786400D8F02B /* testZSSCloudQuerier.m in Sources */ = {isa = PBXBuildFile; fileRef = 4AB195671A88786400D8F02B /* testZSSCloudQuerier.m */; };
		4AB1956B1A887C3500D8F02B /* ZSSFollowSuggestionTableViewController.m in Sources */ = {isa = PBXBuildFile; fileRef = 4AB1956A1A887C3500D8F02B /* ZSSFollowSuggestionTableViewController.m */; };
		4AB1956C1A887C3500D8F02B /* ZSSFollowSuggestionTableViewController.m in Sources */ = {isa = PBXBuildFile; fileRef = 4AB1956A1A887C3500D8F02B /* ZSSFollowSuggestionTableViewController.m */; };
/* End PBXBuildFile section */

/* Begin PBXContainerItemProxy section */
		4A59CFC31A87DFA800DA5C1C /* PBXContainerItemProxy */ = {
			isa = PBXContainerItemProxy;
			containerPortal = 4A59CFA11A87DFA800DA5C1C /* Project object */;
			proxyType = 1;
			remoteGlobalIDString = 4A59CFA81A87DFA800DA5C1C;
			remoteInfo = Shkeek;
		};
/* End PBXContainerItemProxy section */

/* Begin PBXFileReference section */
		058014F8E92491A5A8E417CC /* Pods-Shkeek.release.xcconfig */ = {isa = PBXFileReference; includeInIndex = 1; lastKnownFileType = text.xcconfig; name = "Pods-Shkeek.release.xcconfig"; path = "Pods/Target Support Files/Pods-Shkeek/Pods-Shkeek.release.xcconfig"; sourceTree = "<group>"; };
		4A0117551A8808AC004B80F6 /* ZSSWelcomeChildViewController.h */ = {isa = PBXFileReference; fileEncoding = 4; lastKnownFileType = sourcecode.c.h; path = ZSSWelcomeChildViewController.h; sourceTree = "<group>"; };
		4A0117561A8808AC004B80F6 /* ZSSWelcomeChildViewController.m */ = {isa = PBXFileReference; fileEncoding = 4; lastKnownFileType = sourcecode.c.objc; path = ZSSWelcomeChildViewController.m; sourceTree = "<group>"; };
		4A0117571A8808AC004B80F6 /* ZSSWelcomeChildViewController.xib */ = {isa = PBXFileReference; fileEncoding = 4; lastKnownFileType = file.xib; path = ZSSWelcomeChildViewController.xib; sourceTree = "<group>"; };
		4A01175A1A8808C1004B80F6 /* ZSSLoginViewController.h */ = {isa = PBXFileReference; fileEncoding = 4; lastKnownFileType = sourcecode.c.h; path = ZSSLoginViewController.h; sourceTree = "<group>"; };
		4A01175B1A8808C1004B80F6 /* ZSSLoginViewController.m */ = {isa = PBXFileReference; fileEncoding = 4; lastKnownFileType = sourcecode.c.objc; path = ZSSLoginViewController.m; sourceTree = "<group>"; };
		4A01175C1A8808C1004B80F6 /* ZSSLoginViewController.xib */ = {isa = PBXFileReference; fileEncoding = 4; lastKnownFileType = file.xib; path = ZSSLoginViewController.xib; sourceTree = "<group>"; };
		4A160E3C1A88426300481ECE /* Bolts.framework */ = {isa = PBXFileReference; lastKnownFileType = wrapper.framework; path = Bolts.framework; sourceTree = "<group>"; };
		4A160E3F1A88449900481ECE /* ParseCrashReporting.framework */ = {isa = PBXFileReference; lastKnownFileType = wrapper.framework; name = ParseCrashReporting.framework; path = "../../../Downloads/parse-library-1-4/ParseCrashReporting.framework"; sourceTree = "<group>"; };
		4A32639C1A8841B4005812F1 /* Parse.framework */ = {isa = PBXFileReference; lastKnownFileType = wrapper.framework; path = Parse.framework; sourceTree = "<group>"; };
		4A32639E1A8841B4005812F1 /* ParseFacebookUtils.framework */ = {isa = PBXFileReference; lastKnownFileType = wrapper.framework; path = ParseFacebookUtils.framework; sourceTree = "<group>"; };
		4A32639F1A8841B4005812F1 /* ParseUI.framework */ = {isa = PBXFileReference; lastKnownFileType = wrapper.framework; path = ParseUI.framework; sourceTree = "<group>"; };
		4A3263A41A884214005812F1 /* AudioToolbox.framework */ = {isa = PBXFileReference; lastKnownFileType = wrapper.framework; name = AudioToolbox.framework; path = System/Library/Frameworks/AudioToolbox.framework; sourceTree = SDKROOT; };
		4A3263A51A884214005812F1 /* CFNetwork.framework */ = {isa = PBXFileReference; lastKnownFileType = wrapper.framework; name = CFNetwork.framework; path = System/Library/Frameworks/CFNetwork.framework; sourceTree = SDKROOT; };
		4A3263A61A884214005812F1 /* CoreGraphics.framework */ = {isa = PBXFileReference; lastKnownFileType = wrapper.framework; name = CoreGraphics.framework; path = System/Library/Frameworks/CoreGraphics.framework; sourceTree = SDKROOT; };
		4A3263A71A884214005812F1 /* CoreLocation.framework */ = {isa = PBXFileReference; lastKnownFileType = wrapper.framework; name = CoreLocation.framework; path = System/Library/Frameworks/CoreLocation.framework; sourceTree = SDKROOT; };
		4A3263A81A884214005812F1 /* libsqlite3.dylib */ = {isa = PBXFileReference; lastKnownFileType = "compiled.mach-o.dylib"; name = libsqlite3.dylib; path = usr/lib/libsqlite3.dylib; sourceTree = SDKROOT; };
		4A3263A91A884214005812F1 /* libz.dylib */ = {isa = PBXFileReference; lastKnownFileType = "compiled.mach-o.dylib"; name = libz.dylib; path = usr/lib/libz.dylib; sourceTree = SDKROOT; };
		4A3263AA1A884214005812F1 /* MobileCoreServices.framework */ = {isa = PBXFileReference; lastKnownFileType = wrapper.framework; name = MobileCoreServices.framework; path = System/Library/Frameworks/MobileCoreServices.framework; sourceTree = SDKROOT; };
		4A3263AB1A884214005812F1 /* QuartzCore.framework */ = {isa = PBXFileReference; lastKnownFileType = wrapper.framework; name = QuartzCore.framework; path = System/Library/Frameworks/QuartzCore.framework; sourceTree = SDKROOT; };
		4A3263AC1A884214005812F1 /* Security.framework */ = {isa = PBXFileReference; lastKnownFileType = wrapper.framework; name = Security.framework; path = System/Library/Frameworks/Security.framework; sourceTree = SDKROOT; };
		4A3263AD1A884214005812F1 /* StoreKit.framework */ = {isa = PBXFileReference; lastKnownFileType = wrapper.framework; name = StoreKit.framework; path = System/Library/Frameworks/StoreKit.framework; sourceTree = SDKROOT; };
		4A3263AE1A884214005812F1 /* SystemConfiguration.framework */ = {isa = PBXFileReference; lastKnownFileType = wrapper.framework; name = SystemConfiguration.framework; path = System/Library/Frameworks/SystemConfiguration.framework; sourceTree = SDKROOT; };
		4A5021EE1A87E4E8000DAEBE /* ZSSWelcomeViewController.h */ = {isa = PBXFileReference; fileEncoding = 4; lastKnownFileType = sourcecode.c.h; path = ZSSWelcomeViewController.h; sourceTree = "<group>"; };
		4A5021EF1A87E4E8000DAEBE /* ZSSWelcomeViewController.m */ = {isa = PBXFileReference; fileEncoding = 4; lastKnownFileType = sourcecode.c.objc; path = ZSSWelcomeViewController.m; sourceTree = "<group>"; };
		4A5021F01A87E4E8000DAEBE /* ZSSWelcomeViewController.xib */ = {isa = PBXFileReference; fileEncoding = 4; lastKnownFileType = file.xib; path = ZSSWelcomeViewController.xib; sourceTree = "<group>"; };
		4A59CFA91A87DFA800DA5C1C /* Shkeek.app */ = {isa = PBXFileReference; explicitFileType = wrapper.application; includeInIndex = 0; path = Shkeek.app; sourceTree = BUILT_PRODUCTS_DIR; };
		4A59CFAD1A87DFA800DA5C1C /* Info.plist */ = {isa = PBXFileReference; lastKnownFileType = text.plist.xml; path = Info.plist; sourceTree = "<group>"; };
		4A59CFAE1A87DFA800DA5C1C /* main.m */ = {isa = PBXFileReference; lastKnownFileType = sourcecode.c.objc; path = main.m; sourceTree = "<group>"; };
		4A59CFB01A87DFA800DA5C1C /* AppDelegate.h */ = {isa = PBXFileReference; lastKnownFileType = sourcecode.c.h; path = AppDelegate.h; sourceTree = "<group>"; };
		4A59CFB11A87DFA800DA5C1C /* AppDelegate.m */ = {isa = PBXFileReference; lastKnownFileType = sourcecode.c.objc; path = AppDelegate.m; sourceTree = "<group>"; };
		4A59CFB91A87DFA800DA5C1C /* Images.xcassets */ = {isa = PBXFileReference; lastKnownFileType = folder.assetcatalog; path = Images.xcassets; sourceTree = "<group>"; };
		4A59CFBC1A87DFA800DA5C1C /* Base */ = {isa = PBXFileReference; lastKnownFileType = file.xib; name = Base; path = Base.lproj/LaunchScreen.xib; sourceTree = "<group>"; };
		4A59CFC21A87DFA800DA5C1C /* ShkeekTests.xctest */ = {isa = PBXFileReference; explicitFileType = wrapper.cfbundle; includeInIndex = 0; path = ShkeekTests.xctest; sourceTree = BUILT_PRODUCTS_DIR; };
		4A59CFC71A87DFA800DA5C1C /* Info.plist */ = {isa = PBXFileReference; lastKnownFileType = text.plist.xml; path = Info.plist; sourceTree = "<group>"; };
		4A59CFC81A87DFA800DA5C1C /* ShkeekTests.m */ = {isa = PBXFileReference; lastKnownFileType = sourcecode.c.objc; path = ShkeekTests.m; sourceTree = "<group>"; };
		4A59CFD21A87E12300DA5C1C /* Keys.plist */ = {isa = PBXFileReference; fileEncoding = 4; lastKnownFileType = text.plist.xml; path = Keys.plist; sourceTree = "<group>"; };
		4A960FBE1A8844ED0041EB03 /* libstdc++.6.dylib */ = {isa = PBXFileReference; lastKnownFileType = "compiled.mach-o.dylib"; name = "libstdc++.6.dylib"; path = "usr/lib/libstdc++.6.dylib"; sourceTree = SDKROOT; };
		4A960FC01A8844F20041EB03 /* Accounts.framework */ = {isa = PBXFileReference; lastKnownFileType = wrapper.framework; name = Accounts.framework; path = System/Library/Frameworks/Accounts.framework; sourceTree = SDKROOT; };
		4A960FC21A8844FF0041EB03 /* Social.framework */ = {isa = PBXFileReference; lastKnownFileType = wrapper.framework; name = Social.framework; path = System/Library/Frameworks/Social.framework; sourceTree = SDKROOT; };
		4AA17F0E1A883D55004278F1 /* ZSSCloudQuerier.h */ = {isa = PBXFileReference; fileEncoding = 4; lastKnownFileType = sourcecode.c.h; path = ZSSCloudQuerier.h; sourceTree = "<group>"; };
		4AA17F0F1A883D55004278F1 /* ZSSCloudQuerier.m */ = {isa = PBXFileReference; fileEncoding = 4; lastKnownFileType = sourcecode.c.objc; path = ZSSCloudQuerier.m; sourceTree = "<group>"; };
		4AA17F1D1A883F21004278F1 /* FacebookSDK.framework */ = {isa = PBXFileReference; lastKnownFileType = wrapper.framework; name = FacebookSDK.framework; path = ../../../Documents/FacebookSDK/FacebookSDK.framework; sourceTree = "<group>"; };
		4AA17F1E1A883F21004278F1 /* FBAudienceNetwork.framework */ = {isa = PBXFileReference; lastKnownFileType = wrapper.framework; name = FBAudienceNetwork.framework; path = ../../../Documents/FacebookSDK/FBAudienceNetwork.framework; sourceTree = "<group>"; };
		4AB1955B1A88572C00D8F02B /* UIAlertView+FrequentAlerts.h */ = {isa = PBXFileReference; fileEncoding = 4; lastKnownFileType = sourcecode.c.h; path = "UIAlertView+FrequentAlerts.h"; sourceTree = "<group>"; };
		4AB1955C1A88572C00D8F02B /* UIAlertView+FrequentAlerts.m */ = {isa = PBXFileReference; fileEncoding = 4; lastKnownFileType = sourcecode.c.objc; path = "UIAlertView+FrequentAlerts.m"; sourceTree = "<group>"; };
		4AB195631A88766600D8F02B /* ZSSLocationQuerier.h */ = {isa = PBXFileReference; fileEncoding = 4; lastKnownFileType = sourcecode.c.h; path = ZSSLocationQuerier.h; sourceTree = "<group>"; };
		4AB195641A88766600D8F02B /* ZSSLocationQuerier.m */ = {isa = PBXFileReference; fileEncoding = 4; lastKnownFileType = sourcecode.c.objc; path = ZSSLocationQuerier.m; sourceTree = "<group>"; };
		4AB195671A88786400D8F02B /* testZSSCloudQuerier.m */ = {isa = PBXFileReference; fileEncoding = 4; lastKnownFileType = sourcecode.c.objc; name = testZSSCloudQuerier.m; path = ../Shkeek/testZSSCloudQuerier.m; sourceTree = "<group>"; };
		4AB195691A887C3500D8F02B /* ZSSFollowSuggestionTableViewController.h */ = {isa = PBXFileReference; fileEncoding = 4; lastKnownFileType = sourcecode.c.h; path = ZSSFollowSuggestionTableViewController.h; sourceTree = "<group>"; };
		4AB1956A1A887C3500D8F02B /* ZSSFollowSuggestionTableViewController.m */ = {isa = PBXFileReference; fileEncoding = 4; lastKnownFileType = sourcecode.c.objc; path = ZSSFollowSuggestionTableViewController.m; sourceTree = "<group>"; };
		F0AE1B7A6A2C6B821D32BBDA /* Pods-Shkeek.debug.xcconfig */ = {isa = PBXFileReference; includeInIndex = 1; lastKnownFileType = text.xcconfig; name = "Pods-Shkeek.debug.xcconfig"; path = "Pods/Target Support Files/Pods-Shkeek/Pods-Shkeek.debug.xcconfig"; sourceTree = "<group>"; };
/* End PBXFileReference section */

/* Begin PBXFrameworksBuildPhase section */
		4A59CFA61A87DFA800DA5C1C /* Frameworks */ = {
			isa = PBXFrameworksBuildPhase;
			buildActionMask = 2147483647;
			files = (
				4A960FC51A8845500041EB03 /* AudioToolbox.framework in Frameworks */,
				4A960FC41A8845420041EB03 /* Social.framework in Frameworks */,
				4A960FBF1A8844ED0041EB03 /* libstdc++.6.dylib in Frameworks */,
				4A160E401A88449900481ECE /* ParseCrashReporting.framework in Frameworks */,
				4A3263B01A884214005812F1 /* CFNetwork.framework in Frameworks */,
				4A3263B11A884214005812F1 /* CoreGraphics.framework in Frameworks */,
				4A3263B21A884214005812F1 /* CoreLocation.framework in Frameworks */,
				4A3263B31A884214005812F1 /* libsqlite3.dylib in Frameworks */,
				4A3263B41A884214005812F1 /* libz.dylib in Frameworks */,
				4A3263B51A884214005812F1 /* MobileCoreServices.framework in Frameworks */,
				4A3263B61A884214005812F1 /* QuartzCore.framework in Frameworks */,
				4A3263B71A884214005812F1 /* Security.framework in Frameworks */,
				4A3263B81A884214005812F1 /* StoreKit.framework in Frameworks */,
				4A3263B91A884214005812F1 /* SystemConfiguration.framework in Frameworks */,
				4A3263A31A8841B5005812F1 /* ParseUI.framework in Frameworks */,
				4A3263A21A8841B5005812F1 /* ParseFacebookUtils.framework in Frameworks */,
				4AA180391A883F22004278F1 /* FacebookSDK.framework in Frameworks */,
				4A160E3D1A88426300481ECE /* Bolts.framework in Frameworks */,
				4A3263A01A8841B4005812F1 /* Parse.framework in Frameworks */,
				4AA1803B1A883F22004278F1 /* FBAudienceNetwork.framework in Frameworks */,
			);
			runOnlyForDeploymentPostprocessing = 0;
		};
		4A59CFBF1A87DFA800DA5C1C /* Frameworks */ = {
			isa = PBXFrameworksBuildPhase;
			buildActionMask = 2147483647;
			files = (
				4A160E3E1A88426300481ECE /* Bolts.framework in Frameworks */,
				4AA1803C1A883F22004278F1 /* FBAudienceNetwork.framework in Frameworks */,
				4AA1803A1A883F22004278F1 /* FacebookSDK.framework in Frameworks */,
				4A160E411A88449900481ECE /* ParseCrashReporting.framework in Frameworks */,
			);
			runOnlyForDeploymentPostprocessing = 0;
		};
/* End PBXFrameworksBuildPhase section */

/* Begin PBXGroup section */
		4A59CFA01A87DFA800DA5C1C = {
			isa = PBXGroup;
			children = (
				4A59CFAB1A87DFA800DA5C1C /* Shkeek */,
				4A59CFC51A87DFA800DA5C1C /* ShkeekTests */,
				4A59CFAA1A87DFA800DA5C1C /* Products */,
				57D4CB268594AE646AD2F537 /* Pods */,
				B79D147CDE6E5718D0C2B75B /* Frameworks */,
			);
			sourceTree = "<group>";
		};
		4A59CFAA1A87DFA800DA5C1C /* Products */ = {
			isa = PBXGroup;
			children = (
				4A59CFA91A87DFA800DA5C1C /* Shkeek.app */,
				4A59CFC21A87DFA800DA5C1C /* ShkeekTests.xctest */,
			);
			name = Products;
			sourceTree = "<group>";
		};
		4A59CFAB1A87DFA800DA5C1C /* Shkeek */ = {
			isa = PBXGroup;
			children = (
				4A59CFB01A87DFA800DA5C1C /* AppDelegate.h */,
				4A59CFB11A87DFA800DA5C1C /* AppDelegate.m */,
				4AA17F111A883D63004278F1 /* Login and Welcome */,
				4AA17F0E1A883D55004278F1 /* ZSSCloudQuerier.h */,
				4AA17F0F1A883D55004278F1 /* ZSSCloudQuerier.m */,
				4AB195631A88766600D8F02B /* ZSSLocationQuerier.h */,
				4AB195641A88766600D8F02B /* ZSSLocationQuerier.m */,
				4A59CFB91A87DFA800DA5C1C /* Images.xcassets */,
				4A59CFBB1A87DFA800DA5C1C /* LaunchScreen.xib */,
				4A59CFAC1A87DFA800DA5C1C /* Supporting Files */,
			);
			path = Shkeek;
			sourceTree = "<group>";
		};
		4A59CFAC1A87DFA800DA5C1C /* Supporting Files */ = {
			isa = PBXGroup;
			children = (
				4A59CFD21A87E12300DA5C1C /* Keys.plist */,
				4A59CFAD1A87DFA800DA5C1C /* Info.plist */,
				4A59CFAE1A87DFA800DA5C1C /* main.m */,
			);
			name = "Supporting Files";
			sourceTree = "<group>";
		};
		4A59CFC51A87DFA800DA5C1C /* ShkeekTests */ = {
			isa = PBXGroup;
			children = (
				4AB195671A88786400D8F02B /* testZSSCloudQuerier.m */,
				4A59CFC81A87DFA800DA5C1C /* ShkeekTests.m */,
				4A59CFC61A87DFA800DA5C1C /* Supporting Files */,
			);
			path = ShkeekTests;
			sourceTree = "<group>";
		};
		4A59CFC61A87DFA800DA5C1C /* Supporting Files */ = {
			isa = PBXGroup;
			children = (
				4A59CFC71A87DFA800DA5C1C /* Info.plist */,
			);
			name = "Supporting Files";
			sourceTree = "<group>";
		};
		4AA17F111A883D63004278F1 /* Login and Welcome */ = {
			isa = PBXGroup;
			children = (
				4A5021EE1A87E4E8000DAEBE /* ZSSWelcomeViewController.h */,
				4A5021EF1A87E4E8000DAEBE /* ZSSWelcomeViewController.m */,
				4A5021F01A87E4E8000DAEBE /* ZSSWelcomeViewController.xib */,
				4A0117551A8808AC004B80F6 /* ZSSWelcomeChildViewController.h */,
				4A0117561A8808AC004B80F6 /* ZSSWelcomeChildViewController.m */,
				4A0117571A8808AC004B80F6 /* ZSSWelcomeChildViewController.xib */,
				4A01175A1A8808C1004B80F6 /* ZSSLoginViewController.h */,
				4A01175B1A8808C1004B80F6 /* ZSSLoginViewController.m */,
				4AB1955B1A88572C00D8F02B /* UIAlertView+FrequentAlerts.h */,
				4AB1955C1A88572C00D8F02B /* UIAlertView+FrequentAlerts.m */,
				4A01175C1A8808C1004B80F6 /* ZSSLoginViewController.xib */,
				4AB195691A887C3500D8F02B /* ZSSFollowSuggestionTableViewController.h */,
				4AB1956A1A887C3500D8F02B /* ZSSFollowSuggestionTableViewController.m */,
			);
			name = "Login and Welcome";
			sourceTree = "<group>";
		};
		57D4CB268594AE646AD2F537 /* Pods */ = {
			isa = PBXGroup;
			children = (
				F0AE1B7A6A2C6B821D32BBDA /* Pods-Shkeek.debug.xcconfig */,
				058014F8E92491A5A8E417CC /* Pods-Shkeek.release.xcconfig */,
			);
			name = Pods;
			sourceTree = "<group>";
		};
		B79D147CDE6E5718D0C2B75B /* Frameworks */ = {
			isa = PBXGroup;
			children = (
				4A960FC21A8844FF0041EB03 /* Social.framework */,
				4A960FC01A8844F20041EB03 /* Accounts.framework */,
				4A960FBE1A8844ED0041EB03 /* libstdc++.6.dylib */,
				4A160E3F1A88449900481ECE /* ParseCrashReporting.framework */,
				4A160E3C1A88426300481ECE /* Bolts.framework */,
				4A3263A41A884214005812F1 /* AudioToolbox.framework */,
				4A3263A51A884214005812F1 /* CFNetwork.framework */,
				4A3263A61A884214005812F1 /* CoreGraphics.framework */,
				4A3263A71A884214005812F1 /* CoreLocation.framework */,
				4A3263A81A884214005812F1 /* libsqlite3.dylib */,
				4A3263A91A884214005812F1 /* libz.dylib */,
				4A3263AA1A884214005812F1 /* MobileCoreServices.framework */,
				4A3263AB1A884214005812F1 /* QuartzCore.framework */,
				4A3263AC1A884214005812F1 /* Security.framework */,
				4A3263AD1A884214005812F1 /* StoreKit.framework */,
				4A3263AE1A884214005812F1 /* SystemConfiguration.framework */,
				4A32639C1A8841B4005812F1 /* Parse.framework */,
				4A32639E1A8841B4005812F1 /* ParseFacebookUtils.framework */,
				4A32639F1A8841B4005812F1 /* ParseUI.framework */,
				4AA17F1E1A883F21004278F1 /* FBAudienceNetwork.framework */,
				4AA17F1D1A883F21004278F1 /* FacebookSDK.framework */,
			);
			name = Frameworks;
			sourceTree = "<group>";
		};
/* End PBXGroup section */

/* Begin PBXNativeTarget section */
		4A59CFA81A87DFA800DA5C1C /* Shkeek */ = {
			isa = PBXNativeTarget;
			buildConfigurationList = 4A59CFCC1A87DFA800DA5C1C /* Build configuration list for PBXNativeTarget "Shkeek" */;
			buildPhases = (
				C17A9986EB620BE8788BCA43 /* Check Pods Manifest.lock */,
				4A59CFA51A87DFA800DA5C1C /* Sources */,
				4A59CFA61A87DFA800DA5C1C /* Frameworks */,
				4A59CFA71A87DFA800DA5C1C /* Resources */,
				17630DCDCEABA3A8A0A96838 /* Copy Pods Resources */,
			);
			buildRules = (
			);
			dependencies = (
			);
			name = Shkeek;
			productName = Shkeek;
			productReference = 4A59CFA91A87DFA800DA5C1C /* Shkeek.app */;
			productType = "com.apple.product-type.application";
		};
		4A59CFC11A87DFA800DA5C1C /* ShkeekTests */ = {
			isa = PBXNativeTarget;
			buildConfigurationList = 4A59CFCF1A87DFA800DA5C1C /* Build configuration list for PBXNativeTarget "ShkeekTests" */;
			buildPhases = (
				4A59CFBE1A87DFA800DA5C1C /* Sources */,
				4A59CFBF1A87DFA800DA5C1C /* Frameworks */,
				4A59CFC01A87DFA800DA5C1C /* Resources */,
			);
			buildRules = (
			);
			dependencies = (
				4A59CFC41A87DFA800DA5C1C /* PBXTargetDependency */,
			);
			name = ShkeekTests;
			productName = ShkeekTests;
			productReference = 4A59CFC21A87DFA800DA5C1C /* ShkeekTests.xctest */;
			productType = "com.apple.product-type.bundle.unit-test";
		};
/* End PBXNativeTarget section */

/* Begin PBXProject section */
		4A59CFA11A87DFA800DA5C1C /* Project object */ = {
			isa = PBXProject;
			attributes = {
				LastUpgradeCheck = 0610;
				ORGANIZATIONNAME = "Shkeek Inc.";
				TargetAttributes = {
					4A59CFA81A87DFA800DA5C1C = {
						CreatedOnToolsVersion = 6.1.1;
					};
					4A59CFC11A87DFA800DA5C1C = {
						CreatedOnToolsVersion = 6.1.1;
						TestTargetID = 4A59CFA81A87DFA800DA5C1C;
					};
				};
			};
			buildConfigurationList = 4A59CFA41A87DFA800DA5C1C /* Build configuration list for PBXProject "Shkeek" */;
			compatibilityVersion = "Xcode 3.2";
			developmentRegion = English;
			hasScannedForEncodings = 0;
			knownRegions = (
				en,
				Base,
				he,
			);
			mainGroup = 4A59CFA01A87DFA800DA5C1C;
			productRefGroup = 4A59CFAA1A87DFA800DA5C1C /* Products */;
			projectDirPath = "";
			projectRoot = "";
			targets = (
				4A59CFA81A87DFA800DA5C1C /* Shkeek */,
				4A59CFC11A87DFA800DA5C1C /* ShkeekTests */,
			);
		};
/* End PBXProject section */

/* Begin PBXResourcesBuildPhase section */
		4A59CFA71A87DFA800DA5C1C /* Resources */ = {
			isa = PBXResourcesBuildPhase;
			buildActionMask = 2147483647;
			files = (
				4A5021F31A87E4E8000DAEBE /* ZSSWelcomeViewController.xib in Resources */,
				4A59CFD31A87E12300DA5C1C /* Keys.plist in Resources */,
				4A59CFBD1A87DFA800DA5C1C /* LaunchScreen.xib in Resources */,
				4A01175E1A8808C1004B80F6 /* ZSSLoginViewController.xib in Resources */,
				4A0117591A8808AC004B80F6 /* ZSSWelcomeChildViewController.xib in Resources */,
				4A59CFBA1A87DFA800DA5C1C /* Images.xcassets in Resources */,
			);
			runOnlyForDeploymentPostprocessing = 0;
		};
		4A59CFC01A87DFA800DA5C1C /* Resources */ = {
			isa = PBXResourcesBuildPhase;
			buildActionMask = 2147483647;
			files = (
				4A5021F41A87E4E8000DAEBE /* ZSSWelcomeViewController.xib in Resources */,
				4A59CFD41A87E12300DA5C1C /* Keys.plist in Resources */,
			);
			runOnlyForDeploymentPostprocessing = 0;
		};
/* End PBXResourcesBuildPhase section */

/* Begin PBXShellScriptBuildPhase section */
		17630DCDCEABA3A8A0A96838 /* Copy Pods Resources */ = {
			isa = PBXShellScriptBuildPhase;
			buildActionMask = 2147483647;
			files = (
			);
			inputPaths = (
			);
			name = "Copy Pods Resources";
			outputPaths = (
			);
			runOnlyForDeploymentPostprocessing = 0;
			shellPath = /bin/sh;
			shellScript = "\"${SRCROOT}/Pods/Target Support Files/Pods-Shkeek/Pods-Shkeek-resources.sh\"\n";
			showEnvVarsInLog = 0;
		};
		C17A9986EB620BE8788BCA43 /* Check Pods Manifest.lock */ = {
			isa = PBXShellScriptBuildPhase;
			buildActionMask = 2147483647;
			files = (
			);
			inputPaths = (
			);
			name = "Check Pods Manifest.lock";
			outputPaths = (
			);
			runOnlyForDeploymentPostprocessing = 0;
			shellPath = /bin/sh;
			shellScript = "diff \"${PODS_ROOT}/../Podfile.lock\" \"${PODS_ROOT}/Manifest.lock\" > /dev/null\nif [[ $? != 0 ]] ; then\n    cat << EOM\nerror: The sandbox is not in sync with the Podfile.lock. Run 'pod install' or update your CocoaPods installation.\nEOM\n    exit 1\nfi\n";
			showEnvVarsInLog = 0;
		};
/* End PBXShellScriptBuildPhase section */

/* Begin PBXSourcesBuildPhase section */
		4A59CFA51A87DFA800DA5C1C /* Sources */ = {
			isa = PBXSourcesBuildPhase;
			buildActionMask = 2147483647;
			files = (
				4AA17F101A883D55004278F1 /* ZSSCloudQuerier.m in Sources */,
				4AB195651A88766600D8F02B /* ZSSLocationQuerier.m in Sources */,
				4AB1956B1A887C3500D8F02B /* ZSSFollowSuggestionTableViewController.m in Sources */,
				4A59CFB21A87DFA800DA5C1C /* AppDelegate.m in Sources */,
				4AB1955D1A88572C00D8F02B /* UIAlertView+FrequentAlerts.m in Sources */,
				4A01175D1A8808C1004B80F6 /* ZSSLoginViewController.m in Sources */,
				4A0117581A8808AC004B80F6 /* ZSSWelcomeChildViewController.m in Sources */,
				4A59CFAF1A87DFA800DA5C1C /* main.m in Sources */,
				4A5021F11A87E4E8000DAEBE /* ZSSWelcomeViewController.m in Sources */,
			);
			runOnlyForDeploymentPostprocessing = 0;
		};
		4A59CFBE1A87DFA800DA5C1C /* Sources */ = {
			isa = PBXSourcesBuildPhase;
			buildActionMask = 2147483647;
			files = (
				4AB195681A88786400D8F02B /* testZSSCloudQuerier.m in Sources */,
				4AB195661A88766600D8F02B /* ZSSLocationQuerier.m in Sources */,
				4A5021F21A87E4E8000DAEBE /* ZSSWelcomeViewController.m in Sources */,
				4AB1955E1A88572C00D8F02B /* UIAlertView+FrequentAlerts.m in Sources */,
				4A59CFC91A87DFA800DA5C1C /* ShkeekTests.m in Sources */,
				4AB1956C1A887C3500D8F02B /* ZSSFollowSuggestionTableViewController.m in Sources */,
			);
			runOnlyForDeploymentPostprocessing = 0;
		};
/* End PBXSourcesBuildPhase section */

/* Begin PBXTargetDependency section */
		4A59CFC41A87DFA800DA5C1C /* PBXTargetDependency */ = {
			isa = PBXTargetDependency;
			target = 4A59CFA81A87DFA800DA5C1C /* Shkeek */;
			targetProxy = 4A59CFC31A87DFA800DA5C1C /* PBXContainerItemProxy */;
		};
/* End PBXTargetDependency section */

/* Begin PBXVariantGroup section */
		4A59CFBB1A87DFA800DA5C1C /* LaunchScreen.xib */ = {
			isa = PBXVariantGroup;
			children = (
				4A59CFBC1A87DFA800DA5C1C /* Base */,
			);
			name = LaunchScreen.xib;
			sourceTree = "<group>";
		};
/* End PBXVariantGroup section */

/* Begin XCBuildConfiguration section */
		4A59CFCA1A87DFA800DA5C1C /* Debug */ = {
			isa = XCBuildConfiguration;
			buildSettings = {
				ALWAYS_SEARCH_USER_PATHS = NO;
				CLANG_CXX_LANGUAGE_STANDARD = "gnu++0x";
				CLANG_CXX_LIBRARY = "libc++";
				CLANG_ENABLE_MODULES = YES;
				CLANG_ENABLE_OBJC_ARC = YES;
				CLANG_WARN_BOOL_CONVERSION = YES;
				CLANG_WARN_CONSTANT_CONVERSION = YES;
				CLANG_WARN_DIRECT_OBJC_ISA_USAGE = YES_ERROR;
				CLANG_WARN_EMPTY_BODY = YES;
				CLANG_WARN_ENUM_CONVERSION = YES;
				CLANG_WARN_INT_CONVERSION = YES;
				CLANG_WARN_OBJC_ROOT_CLASS = YES_ERROR;
				CLANG_WARN_UNREACHABLE_CODE = YES;
				CLANG_WARN__DUPLICATE_METHOD_MATCH = YES;
				"CODE_SIGN_IDENTITY[sdk=iphoneos*]" = "iPhone Developer";
				COPY_PHASE_STRIP = NO;
				ENABLE_STRICT_OBJC_MSGSEND = YES;
				GCC_C_LANGUAGE_STANDARD = gnu99;
				GCC_DYNAMIC_NO_PIC = NO;
				GCC_OPTIMIZATION_LEVEL = 0;
				GCC_PREPROCESSOR_DEFINITIONS = (
					"DEBUG=1",
					"$(inherited)",
				);
				GCC_SYMBOLS_PRIVATE_EXTERN = NO;
				GCC_WARN_64_TO_32_BIT_CONVERSION = YES;
				GCC_WARN_ABOUT_RETURN_TYPE = YES_ERROR;
				GCC_WARN_UNDECLARED_SELECTOR = YES;
				GCC_WARN_UNINITIALIZED_AUTOS = YES_AGGRESSIVE;
				GCC_WARN_UNUSED_FUNCTION = YES;
				GCC_WARN_UNUSED_VARIABLE = YES;
				IPHONEOS_DEPLOYMENT_TARGET = 8.1;
				MTL_ENABLE_DEBUG_INFO = YES;
				ONLY_ACTIVE_ARCH = YES;
				SDKROOT = iphoneos;
			};
			name = Debug;
		};
		4A59CFCB1A87DFA800DA5C1C /* Release */ = {
			isa = XCBuildConfiguration;
			buildSettings = {
				ALWAYS_SEARCH_USER_PATHS = NO;
				CLANG_CXX_LANGUAGE_STANDARD = "gnu++0x";
				CLANG_CXX_LIBRARY = "libc++";
				CLANG_ENABLE_MODULES = YES;
				CLANG_ENABLE_OBJC_ARC = YES;
				CLANG_WARN_BOOL_CONVERSION = YES;
				CLANG_WARN_CONSTANT_CONVERSION = YES;
				CLANG_WARN_DIRECT_OBJC_ISA_USAGE = YES_ERROR;
				CLANG_WARN_EMPTY_BODY = YES;
				CLANG_WARN_ENUM_CONVERSION = YES;
				CLANG_WARN_INT_CONVERSION = YES;
				CLANG_WARN_OBJC_ROOT_CLASS = YES_ERROR;
				CLANG_WARN_UNREACHABLE_CODE = YES;
				CLANG_WARN__DUPLICATE_METHOD_MATCH = YES;
				"CODE_SIGN_IDENTITY[sdk=iphoneos*]" = "iPhone Developer";
				COPY_PHASE_STRIP = YES;
				ENABLE_NS_ASSERTIONS = NO;
				ENABLE_STRICT_OBJC_MSGSEND = YES;
				GCC_C_LANGUAGE_STANDARD = gnu99;
				GCC_WARN_64_TO_32_BIT_CONVERSION = YES;
				GCC_WARN_ABOUT_RETURN_TYPE = YES_ERROR;
				GCC_WARN_UNDECLARED_SELECTOR = YES;
				GCC_WARN_UNINITIALIZED_AUTOS = YES_AGGRESSIVE;
				GCC_WARN_UNUSED_FUNCTION = YES;
				GCC_WARN_UNUSED_VARIABLE = YES;
				IPHONEOS_DEPLOYMENT_TARGET = 8.1;
				MTL_ENABLE_DEBUG_INFO = NO;
				SDKROOT = iphoneos;
				VALIDATE_PRODUCT = YES;
			};
			name = Release;
		};
		4A59CFCD1A87DFA800DA5C1C /* Debug */ = {
			isa = XCBuildConfiguration;
			baseConfigurationReference = F0AE1B7A6A2C6B821D32BBDA /* Pods-Shkeek.debug.xcconfig */;
			buildSettings = {
				ASSETCATALOG_COMPILER_APPICON_NAME = AppIcon;
				CODE_SIGN_IDENTITY = "iPhone Developer: Zachary Shakked (48S2NJH7SH)";
				FRAMEWORK_SEARCH_PATHS = (
					"$(inherited)",
					"$(PROJECT_DIR)/Shkeek",
					/Users/zacharyshakked/Documents/FacebookSDK,
					"$(PROJECT_DIR)",
					"/Users/zacharyshakked/Downloads/parse-library-1-4",
				);
				INFOPLIST_FILE = Shkeek/Info.plist;
				IPHONEOS_DEPLOYMENT_TARGET = 8.0;
				LD_RUNPATH_SEARCH_PATHS = "$(inherited) @executable_path/Frameworks";
				PRODUCT_NAME = "$(TARGET_NAME)";
				PROVISIONING_PROFILE = "82fa496b-ac15-4521-96ea-4998e871600d";
			};
			name = Debug;
		};
		4A59CFCE1A87DFA800DA5C1C /* Release */ = {
			isa = XCBuildConfiguration;
			baseConfigurationReference = 058014F8E92491A5A8E417CC /* Pods-Shkeek.release.xcconfig */;
			buildSettings = {
				ASSETCATALOG_COMPILER_APPICON_NAME = AppIcon;
				FRAMEWORK_SEARCH_PATHS = (
					"$(inherited)",
					"$(PROJECT_DIR)/Shkeek",
					/Users/zacharyshakked/Documents/FacebookSDK,
					"$(PROJECT_DIR)",
					"/Users/zacharyshakked/Downloads/parse-library-1-4",
				);
				INFOPLIST_FILE = Shkeek/Info.plist;
				IPHONEOS_DEPLOYMENT_TARGET = 8.0;
				LD_RUNPATH_SEARCH_PATHS = "$(inherited) @executable_path/Frameworks";
				PRODUCT_NAME = "$(TARGET_NAME)";
				PROVISIONING_PROFILE = "82fa496b-ac15-4521-96ea-4998e871600d";
			};
			name = Release;
		};
		4A59CFD01A87DFA800DA5C1C /* Debug */ = {
			isa = XCBuildConfiguration;
			buildSettings = {
				BUNDLE_LOADER = "$(TEST_HOST)";
				FRAMEWORK_SEARCH_PATHS = (
					"$(SDKROOT)/Developer/Library/Frameworks",
					"$(inherited)",
					"$(PROJECT_DIR)/Shkeek",
					/Users/zacharyshakked/Documents/FacebookSDK,
					"$(PROJECT_DIR)",
					"/Users/zacharyshakked/Downloads/parse-library-1-4",
				);
				GCC_PREPROCESSOR_DEFINITIONS = (
					"DEBUG=1",
					"$(inherited)",
				);
				INFOPLIST_FILE = ShkeekTests/Info.plist;
				LD_RUNPATH_SEARCH_PATHS = "$(inherited) @executable_path/Frameworks @loader_path/Frameworks";
				PRODUCT_NAME = "$(TARGET_NAME)";
				TEST_HOST = "$(BUILT_PRODUCTS_DIR)/Shkeek.app/Shkeek";
			};
			name = Debug;
		};
		4A59CFD11A87DFA800DA5C1C /* Release */ = {
			isa = XCBuildConfiguration;
			buildSettings = {
				BUNDLE_LOADER = "$(TEST_HOST)";
				FRAMEWORK_SEARCH_PATHS = (
					"$(SDKROOT)/Developer/Library/Frameworks",
					"$(inherited)",
					"$(PROJECT_DIR)/Shkeek",
					/Users/zacharyshakked/Documents/FacebookSDK,
					"$(PROJECT_DIR)",
					"/Users/zacharyshakked/Downloads/parse-library-1-4",
				);
				INFOPLIST_FILE = ShkeekTests/Info.plist;
				LD_RUNPATH_SEARCH_PATHS = "$(inherited) @executable_path/Frameworks @loader_path/Frameworks";
				PRODUCT_NAME = "$(TARGET_NAME)";
				TEST_HOST = "$(BUILT_PRODUCTS_DIR)/Shkeek.app/Shkeek";
			};
			name = Release;
		};
/* End XCBuildConfiguration section */

/* Begin XCConfigurationList section */
		4A59CFA41A87DFA800DA5C1C /* Build configuration list for PBXProject "Shkeek" */ = {
			isa = XCConfigurationList;
			buildConfigurations = (
				4A59CFCA1A87DFA800DA5C1C /* Debug */,
				4A59CFCB1A87DFA800DA5C1C /* Release */,
			);
			defaultConfigurationIsVisible = 0;
			defaultConfigurationName = Release;
		};
		4A59CFCC1A87DFA800DA5C1C /* Build configuration list for PBXNativeTarget "Shkeek" */ = {
			isa = XCConfigurationList;
			buildConfigurations = (
				4A59CFCD1A87DFA800DA5C1C /* Debug */,
				4A59CFCE1A87DFA800DA5C1C /* Release */,
			);
			defaultConfigurationIsVisible = 0;
			defaultConfigurationName = Release;
		};
		4A59CFCF1A87DFA800DA5C1C /* Build configuration list for PBXNativeTarget "ShkeekTests" */ = {
			isa = XCConfigurationList;
			buildConfigurations = (
				4A59CFD01A87DFA800DA5C1C /* Debug */,
				4A59CFD11A87DFA800DA5C1C /* Release */,
			);
			defaultConfigurationIsVisible = 0;
			defaultConfigurationName = Release;
		};
/* End XCConfigurationList section */
	};
	rootObject = 4A59CFA11A87DFA800DA5C1C /* Project object */;
}
